
Microsoft Visual Studio Solution File, Format Version 12.00
# Visual Studio 15
VisualStudioVersion = 15.0.28307.1622
MinimumVisualStudioVersion = 10.0.40219.1
Project("{2150E333-8FDC-42A3-9474-1A3956D46DE8}") = "Metadata", "Metadata", "{80CE6DFD-BE10-4777-8005-80F696AFBF4A}"
EndProject
Project("{2150E333-8FDC-42A3-9474-1A3956D46DE8}") = "Libraries", "Libraries", "{A9C6FD0F-15CE-42F2-A571-E8CECDD8AB06}"
EndProject
Project("{2150E333-8FDC-42A3-9474-1A3956D46DE8}") = "Generic", "Generic", "{C77D2B41-0C67-4B0E-944B-0F0472613247}"
EndProject
Project("{2150E333-8FDC-42A3-9474-1A3956D46DE8}") = "Tests", "Tests", "{E32AA297-4F61-4BA6-9A77-91EA1B1C2EAF}"
EndProject
Project("{FAE04EC0-301F-11D3-BF4B-00C04F79EFBC}") = "AmazonGamesLibrary", "Libraries\AmazonGamesLibrary\AmazonGamesLibrary.csproj", "{06BF876E-7083-4CC3-A117-23B2C577CE26}"
EndProject
Project("{FAE04EC0-301F-11D3-BF4B-00C04F79EFBC}") = "SteamLibrary", "Libraries\SteamLibrary\SteamLibrary.csproj", "{0A13CBC8-ECD4-4B9F-961E-E6462F7D2DC0}"
EndProject
Project("{FAE04EC0-301F-11D3-BF4B-00C04F79EFBC}") = "IGDBMetadata", "Metadata\IGDBMetadata\IGDBMetadata.csproj", "{75BE5285-6C7C-48FD-A88A-DF1F51B4E955}"
EndProject
Project("{FAE04EC0-301F-11D3-BF4B-00C04F79EFBC}") = "BattleNetLibrary", "Libraries\BattleNetLibrary\BattleNetLibrary.csproj", "{E74F843D-39EF-409A-B3FB-341F486A4F97}"
EndProject
Project("{FAE04EC0-301F-11D3-BF4B-00C04F79EFBC}") = "BethesdaLibrary", "Libraries\BethesdaLibrary\BethesdaLibrary.csproj", "{5C2250D7-7623-414A-B68A-4754F311DF7D}"
EndProject
Project("{FAE04EC0-301F-11D3-BF4B-00C04F79EFBC}") = "EpicLibrary", "Libraries\EpicLibrary\EpicLibrary.csproj", "{2FD110FE-F936-4768-AE66-55EC7A60989A}"
EndProject
Project("{FAE04EC0-301F-11D3-BF4B-00C04F79EFBC}") = "GogLibrary", "Libraries\GogLibrary\GogLibrary.csproj", "{2E4F6F47-C3AC-4650-936A-09E675B9B3B3}"
EndProject
Project("{FAE04EC0-301F-11D3-BF4B-00C04F79EFBC}") = "HumbleLibrary", "Libraries\HumbleLibrary\HumbleLibrary.csproj", "{2351B5C1-6E28-4B79-A1D9-90FDA53B5417}"
EndProject
Project("{FAE04EC0-301F-11D3-BF4B-00C04F79EFBC}") = "ItchioLibrary", "Libraries\ItchioLibrary\ItchioLibrary.csproj", "{27A6E49E-F769-4709-8B43-FF60B8A882BE}"
EndProject
Project("{FAE04EC0-301F-11D3-BF4B-00C04F79EFBC}") = "OriginLibrary", "Libraries\OriginLibrary\OriginLibrary.csproj", "{D0EFC813-C836-4167-A120-2DE785E140A1}"
EndProject
Project("{FAE04EC0-301F-11D3-BF4B-00C04F79EFBC}") = "UplayLibrary", "Libraries\UplayLibrary\UplayLibrary.csproj", "{7DC1512C-5C82-434B-9675-12AD94B74C56}"
EndProject
Project("{FAE04EC0-301F-11D3-BF4B-00C04F79EFBC}") = "XboxLibrary", "Libraries\XboxLibrary\XboxLibrary.csproj", "{108638B7-D926-4311-9249-651A1CCAA742}"
EndProject
Project("{FAE04EC0-301F-11D3-BF4B-00C04F79EFBC}") = "UniversalSteamMetadata", "Metadata\UniversalSteamMetadata\UniversalSteamMetadata.csproj", "{A54423D1-8E7A-4339-B0D5-24E7CEFE469B}"
EndProject
Project("{FAE04EC0-301F-11D3-BF4B-00C04F79EFBC}") = "RockstarGamesLibrary", "Libraries\RockstarLibrary\RockstarGamesLibrary.csproj", "{183FAF1B-0385-469D-8465-6F21076BF7B6}"
EndProject
Project("{FAE04EC0-301F-11D3-BF4B-00C04F79EFBC}") = "PlayniteExtensions.Common", "Generic\PlayniteExtensions.Common\PlayniteExtensions.Common.csproj", "{EC61901F-C040-4A87-A5A9-7C2C5AD52E7D}"
EndProject
Project("{FAE04EC0-301F-11D3-BF4B-00C04F79EFBC}") = "Common.Tests", "Tests\Common.Tests\Common.Tests.csproj", "{17784809-C96D-473E-8D99-3A543BF5E375}"
EndProject
Global
	GlobalSection(SolutionConfigurationPlatforms) = preSolution
		Debug|Any CPU = Debug|Any CPU
		Debug|x86 = Debug|x86
		Release|Any CPU = Release|Any CPU
		Release|x86 = Release|x86
	EndGlobalSection
	GlobalSection(ProjectConfigurationPlatforms) = postSolution
		{06BF876E-7083-4CC3-A117-23B2C577CE26}.Debug|Any CPU.ActiveCfg = Debug|Any CPU
		{06BF876E-7083-4CC3-A117-23B2C577CE26}.Debug|Any CPU.Build.0 = Debug|Any CPU
		{06BF876E-7083-4CC3-A117-23B2C577CE26}.Debug|x86.ActiveCfg = Debug|Any CPU
		{06BF876E-7083-4CC3-A117-23B2C577CE26}.Debug|x86.Build.0 = Debug|Any CPU
		{06BF876E-7083-4CC3-A117-23B2C577CE26}.Release|Any CPU.ActiveCfg = Release|Any CPU
		{06BF876E-7083-4CC3-A117-23B2C577CE26}.Release|Any CPU.Build.0 = Release|Any CPU
		{06BF876E-7083-4CC3-A117-23B2C577CE26}.Release|x86.ActiveCfg = Release|Any CPU
		{06BF876E-7083-4CC3-A117-23B2C577CE26}.Release|x86.Build.0 = Release|Any CPU
		{0A13CBC8-ECD4-4B9F-961E-E6462F7D2DC0}.Debug|Any CPU.ActiveCfg = Debug|Any CPU
		{0A13CBC8-ECD4-4B9F-961E-E6462F7D2DC0}.Debug|Any CPU.Build.0 = Debug|Any CPU
		{0A13CBC8-ECD4-4B9F-961E-E6462F7D2DC0}.Debug|x86.ActiveCfg = Debug|Any CPU
		{0A13CBC8-ECD4-4B9F-961E-E6462F7D2DC0}.Debug|x86.Build.0 = Debug|Any CPU
		{0A13CBC8-ECD4-4B9F-961E-E6462F7D2DC0}.Release|Any CPU.ActiveCfg = Release|Any CPU
		{0A13CBC8-ECD4-4B9F-961E-E6462F7D2DC0}.Release|Any CPU.Build.0 = Release|Any CPU
		{0A13CBC8-ECD4-4B9F-961E-E6462F7D2DC0}.Release|x86.ActiveCfg = Release|Any CPU
		{0A13CBC8-ECD4-4B9F-961E-E6462F7D2DC0}.Release|x86.Build.0 = Release|Any CPU
		{75BE5285-6C7C-48FD-A88A-DF1F51B4E955}.Debug|Any CPU.ActiveCfg = Debug|Any CPU
		{75BE5285-6C7C-48FD-A88A-DF1F51B4E955}.Debug|Any CPU.Build.0 = Debug|Any CPU
		{75BE5285-6C7C-48FD-A88A-DF1F51B4E955}.Debug|x86.ActiveCfg = Debug|Any CPU
		{75BE5285-6C7C-48FD-A88A-DF1F51B4E955}.Debug|x86.Build.0 = Debug|Any CPU
		{75BE5285-6C7C-48FD-A88A-DF1F51B4E955}.Release|Any CPU.ActiveCfg = Release|Any CPU
		{75BE5285-6C7C-48FD-A88A-DF1F51B4E955}.Release|Any CPU.Build.0 = Release|Any CPU
		{75BE5285-6C7C-48FD-A88A-DF1F51B4E955}.Release|x86.ActiveCfg = Release|Any CPU
		{75BE5285-6C7C-48FD-A88A-DF1F51B4E955}.Release|x86.Build.0 = Release|Any CPU
		{E74F843D-39EF-409A-B3FB-341F486A4F97}.Debug|Any CPU.ActiveCfg = Debug|Any CPU
		{E74F843D-39EF-409A-B3FB-341F486A4F97}.Debug|Any CPU.Build.0 = Debug|Any CPU
		{E74F843D-39EF-409A-B3FB-341F486A4F97}.Debug|x86.ActiveCfg = Debug|Any CPU
		{E74F843D-39EF-409A-B3FB-341F486A4F97}.Debug|x86.Build.0 = Debug|Any CPU
		{E74F843D-39EF-409A-B3FB-341F486A4F97}.Release|Any CPU.ActiveCfg = Release|Any CPU
		{E74F843D-39EF-409A-B3FB-341F486A4F97}.Release|Any CPU.Build.0 = Release|Any CPU
		{E74F843D-39EF-409A-B3FB-341F486A4F97}.Release|x86.ActiveCfg = Release|Any CPU
		{E74F843D-39EF-409A-B3FB-341F486A4F97}.Release|x86.Build.0 = Release|Any CPU
		{5C2250D7-7623-414A-B68A-4754F311DF7D}.Debug|Any CPU.ActiveCfg = Debug|Any CPU
		{5C2250D7-7623-414A-B68A-4754F311DF7D}.Debug|Any CPU.Build.0 = Debug|Any CPU
		{5C2250D7-7623-414A-B68A-4754F311DF7D}.Debug|x86.ActiveCfg = Debug|Any CPU
		{5C2250D7-7623-414A-B68A-4754F311DF7D}.Debug|x86.Build.0 = Debug|Any CPU
		{5C2250D7-7623-414A-B68A-4754F311DF7D}.Release|Any CPU.ActiveCfg = Release|Any CPU
		{5C2250D7-7623-414A-B68A-4754F311DF7D}.Release|Any CPU.Build.0 = Release|Any CPU
		{5C2250D7-7623-414A-B68A-4754F311DF7D}.Release|x86.ActiveCfg = Release|Any CPU
		{5C2250D7-7623-414A-B68A-4754F311DF7D}.Release|x86.Build.0 = Release|Any CPU
		{2FD110FE-F936-4768-AE66-55EC7A60989A}.Debug|Any CPU.ActiveCfg = Debug|Any CPU
		{2FD110FE-F936-4768-AE66-55EC7A60989A}.Debug|Any CPU.Build.0 = Debug|Any CPU
		{2FD110FE-F936-4768-AE66-55EC7A60989A}.Debug|x86.ActiveCfg = Debug|Any CPU
		{2FD110FE-F936-4768-AE66-55EC7A60989A}.Debug|x86.Build.0 = Debug|Any CPU
		{2FD110FE-F936-4768-AE66-55EC7A60989A}.Release|Any CPU.ActiveCfg = Release|Any CPU
		{2FD110FE-F936-4768-AE66-55EC7A60989A}.Release|Any CPU.Build.0 = Release|Any CPU
		{2FD110FE-F936-4768-AE66-55EC7A60989A}.Release|x86.ActiveCfg = Release|Any CPU
		{2FD110FE-F936-4768-AE66-55EC7A60989A}.Release|x86.Build.0 = Release|Any CPU
		{2E4F6F47-C3AC-4650-936A-09E675B9B3B3}.Debug|Any CPU.ActiveCfg = Debug|Any CPU
		{2E4F6F47-C3AC-4650-936A-09E675B9B3B3}.Debug|Any CPU.Build.0 = Debug|Any CPU
		{2E4F6F47-C3AC-4650-936A-09E675B9B3B3}.Debug|x86.ActiveCfg = Debug|Any CPU
		{2E4F6F47-C3AC-4650-936A-09E675B9B3B3}.Debug|x86.Build.0 = Debug|Any CPU
		{2E4F6F47-C3AC-4650-936A-09E675B9B3B3}.Release|Any CPU.ActiveCfg = Release|Any CPU
		{2E4F6F47-C3AC-4650-936A-09E675B9B3B3}.Release|Any CPU.Build.0 = Release|Any CPU
		{2E4F6F47-C3AC-4650-936A-09E675B9B3B3}.Release|x86.ActiveCfg = Release|Any CPU
		{2E4F6F47-C3AC-4650-936A-09E675B9B3B3}.Release|x86.Build.0 = Release|Any CPU
		{2351B5C1-6E28-4B79-A1D9-90FDA53B5417}.Debug|Any CPU.ActiveCfg = Debug|Any CPU
		{2351B5C1-6E28-4B79-A1D9-90FDA53B5417}.Debug|Any CPU.Build.0 = Debug|Any CPU
		{2351B5C1-6E28-4B79-A1D9-90FDA53B5417}.Debug|x86.ActiveCfg = Debug|Any CPU
		{2351B5C1-6E28-4B79-A1D9-90FDA53B5417}.Debug|x86.Build.0 = Debug|Any CPU
		{2351B5C1-6E28-4B79-A1D9-90FDA53B5417}.Release|Any CPU.ActiveCfg = Release|Any CPU
		{2351B5C1-6E28-4B79-A1D9-90FDA53B5417}.Release|Any CPU.Build.0 = Release|Any CPU
		{2351B5C1-6E28-4B79-A1D9-90FDA53B5417}.Release|x86.ActiveCfg = Release|Any CPU
		{2351B5C1-6E28-4B79-A1D9-90FDA53B5417}.Release|x86.Build.0 = Release|Any CPU
		{27A6E49E-F769-4709-8B43-FF60B8A882BE}.Debug|Any CPU.ActiveCfg = Debug|Any CPU
		{27A6E49E-F769-4709-8B43-FF60B8A882BE}.Debug|Any CPU.Build.0 = Debug|Any CPU
		{27A6E49E-F769-4709-8B43-FF60B8A882BE}.Debug|x86.ActiveCfg = Debug|Any CPU
		{27A6E49E-F769-4709-8B43-FF60B8A882BE}.Debug|x86.Build.0 = Debug|Any CPU
		{27A6E49E-F769-4709-8B43-FF60B8A882BE}.Release|Any CPU.ActiveCfg = Release|Any CPU
		{27A6E49E-F769-4709-8B43-FF60B8A882BE}.Release|Any CPU.Build.0 = Release|Any CPU
		{27A6E49E-F769-4709-8B43-FF60B8A882BE}.Release|x86.ActiveCfg = Release|Any CPU
		{27A6E49E-F769-4709-8B43-FF60B8A882BE}.Release|x86.Build.0 = Release|Any CPU
		{D0EFC813-C836-4167-A120-2DE785E140A1}.Debug|Any CPU.ActiveCfg = Debug|Any CPU
		{D0EFC813-C836-4167-A120-2DE785E140A1}.Debug|Any CPU.Build.0 = Debug|Any CPU
		{D0EFC813-C836-4167-A120-2DE785E140A1}.Debug|x86.ActiveCfg = Debug|Any CPU
		{D0EFC813-C836-4167-A120-2DE785E140A1}.Debug|x86.Build.0 = Debug|Any CPU
		{D0EFC813-C836-4167-A120-2DE785E140A1}.Release|Any CPU.ActiveCfg = Release|Any CPU
		{D0EFC813-C836-4167-A120-2DE785E140A1}.Release|Any CPU.Build.0 = Release|Any CPU
		{D0EFC813-C836-4167-A120-2DE785E140A1}.Release|x86.ActiveCfg = Release|Any CPU
		{D0EFC813-C836-4167-A120-2DE785E140A1}.Release|x86.Build.0 = Release|Any CPU
		{7DC1512C-5C82-434B-9675-12AD94B74C56}.Debug|Any CPU.ActiveCfg = Debug|Any CPU
		{7DC1512C-5C82-434B-9675-12AD94B74C56}.Debug|Any CPU.Build.0 = Debug|Any CPU
		{7DC1512C-5C82-434B-9675-12AD94B74C56}.Debug|x86.ActiveCfg = Debug|Any CPU
		{7DC1512C-5C82-434B-9675-12AD94B74C56}.Debug|x86.Build.0 = Debug|Any CPU
		{7DC1512C-5C82-434B-9675-12AD94B74C56}.Release|Any CPU.ActiveCfg = Release|Any CPU
		{7DC1512C-5C82-434B-9675-12AD94B74C56}.Release|Any CPU.Build.0 = Release|Any CPU
		{7DC1512C-5C82-434B-9675-12AD94B74C56}.Release|x86.ActiveCfg = Release|Any CPU
		{7DC1512C-5C82-434B-9675-12AD94B74C56}.Release|x86.Build.0 = Release|Any CPU
		{108638B7-D926-4311-9249-651A1CCAA742}.Debug|Any CPU.ActiveCfg = Debug|Any CPU
		{108638B7-D926-4311-9249-651A1CCAA742}.Debug|Any CPU.Build.0 = Debug|Any CPU
		{108638B7-D926-4311-9249-651A1CCAA742}.Debug|x86.ActiveCfg = Debug|Any CPU
		{108638B7-D926-4311-9249-651A1CCAA742}.Debug|x86.Build.0 = Debug|Any CPU
		{108638B7-D926-4311-9249-651A1CCAA742}.Release|Any CPU.ActiveCfg = Release|Any CPU
		{108638B7-D926-4311-9249-651A1CCAA742}.Release|Any CPU.Build.0 = Release|Any CPU
		{108638B7-D926-4311-9249-651A1CCAA742}.Release|x86.ActiveCfg = Release|Any CPU
		{108638B7-D926-4311-9249-651A1CCAA742}.Release|x86.Build.0 = Release|Any CPU
		{A54423D1-8E7A-4339-B0D5-24E7CEFE469B}.Debug|Any CPU.ActiveCfg = Debug|Any CPU
		{A54423D1-8E7A-4339-B0D5-24E7CEFE469B}.Debug|Any CPU.Build.0 = Debug|Any CPU
		{A54423D1-8E7A-4339-B0D5-24E7CEFE469B}.Debug|x86.ActiveCfg = Debug|Any CPU
		{A54423D1-8E7A-4339-B0D5-24E7CEFE469B}.Debug|x86.Build.0 = Debug|Any CPU
		{A54423D1-8E7A-4339-B0D5-24E7CEFE469B}.Release|Any CPU.ActiveCfg = Release|Any CPU
		{A54423D1-8E7A-4339-B0D5-24E7CEFE469B}.Release|Any CPU.Build.0 = Release|Any CPU
		{A54423D1-8E7A-4339-B0D5-24E7CEFE469B}.Release|x86.ActiveCfg = Release|Any CPU
		{A54423D1-8E7A-4339-B0D5-24E7CEFE469B}.Release|x86.Build.0 = Release|Any CPU
		{183FAF1B-0385-469D-8465-6F21076BF7B6}.Debug|Any CPU.ActiveCfg = Debug|Any CPU
		{183FAF1B-0385-469D-8465-6F21076BF7B6}.Debug|Any CPU.Build.0 = Debug|Any CPU
		{183FAF1B-0385-469D-8465-6F21076BF7B6}.Debug|x86.ActiveCfg = Debug|Any CPU
		{183FAF1B-0385-469D-8465-6F21076BF7B6}.Debug|x86.Build.0 = Debug|Any CPU
		{183FAF1B-0385-469D-8465-6F21076BF7B6}.Release|Any CPU.ActiveCfg = Release|Any CPU
		{183FAF1B-0385-469D-8465-6F21076BF7B6}.Release|Any CPU.Build.0 = Release|Any CPU
		{183FAF1B-0385-469D-8465-6F21076BF7B6}.Release|x86.ActiveCfg = Release|Any CPU
		{183FAF1B-0385-469D-8465-6F21076BF7B6}.Release|x86.Build.0 = Release|Any CPU
		{EC61901F-C040-4A87-A5A9-7C2C5AD52E7D}.Debug|Any CPU.ActiveCfg = Debug|Any CPU
		{EC61901F-C040-4A87-A5A9-7C2C5AD52E7D}.Debug|Any CPU.Build.0 = Debug|Any CPU
		{EC61901F-C040-4A87-A5A9-7C2C5AD52E7D}.Debug|x86.ActiveCfg = Debug|Any CPU
		{EC61901F-C040-4A87-A5A9-7C2C5AD52E7D}.Debug|x86.Build.0 = Debug|Any CPU
		{EC61901F-C040-4A87-A5A9-7C2C5AD52E7D}.Release|Any CPU.ActiveCfg = Release|Any CPU
		{EC61901F-C040-4A87-A5A9-7C2C5AD52E7D}.Release|Any CPU.Build.0 = Release|Any CPU
		{EC61901F-C040-4A87-A5A9-7C2C5AD52E7D}.Release|x86.ActiveCfg = Release|Any CPU
		{EC61901F-C040-4A87-A5A9-7C2C5AD52E7D}.Release|x86.Build.0 = Release|Any CPU
		{17784809-C96D-473E-8D99-3A543BF5E375}.Debug|Any CPU.ActiveCfg = Debug|Any CPU
		{17784809-C96D-473E-8D99-3A543BF5E375}.Debug|Any CPU.Build.0 = Debug|Any CPU
		{17784809-C96D-473E-8D99-3A543BF5E375}.Debug|x86.ActiveCfg = Debug|Any CPU
		{17784809-C96D-473E-8D99-3A543BF5E375}.Debug|x86.Build.0 = Debug|Any CPU
		{17784809-C96D-473E-8D99-3A543BF5E375}.Release|Any CPU.ActiveCfg = Release|Any CPU
		{17784809-C96D-473E-8D99-3A543BF5E375}.Release|Any CPU.Build.0 = Release|Any CPU
		{17784809-C96D-473E-8D99-3A543BF5E375}.Release|x86.ActiveCfg = Release|Any CPU
		{17784809-C96D-473E-8D99-3A543BF5E375}.Release|x86.Build.0 = Release|Any CPU
	EndGlobalSection
	GlobalSection(SolutionProperties) = preSolution
		HideSolutionNode = FALSE
	EndGlobalSection
	GlobalSection(NestedProjects) = preSolution
		{06BF876E-7083-4CC3-A117-23B2C577CE26} = {A9C6FD0F-15CE-42F2-A571-E8CECDD8AB06}
		{0A13CBC8-ECD4-4B9F-961E-E6462F7D2DC0} = {A9C6FD0F-15CE-42F2-A571-E8CECDD8AB06}
		{75BE5285-6C7C-48FD-A88A-DF1F51B4E955} = {80CE6DFD-BE10-4777-8005-80F696AFBF4A}
		{E74F843D-39EF-409A-B3FB-341F486A4F97} = {A9C6FD0F-15CE-42F2-A571-E8CECDD8AB06}
		{5C2250D7-7623-414A-B68A-4754F311DF7D} = {A9C6FD0F-15CE-42F2-A571-E8CECDD8AB06}
		{2FD110FE-F936-4768-AE66-55EC7A60989A} = {A9C6FD0F-15CE-42F2-A571-E8CECDD8AB06}
		{2E4F6F47-C3AC-4650-936A-09E675B9B3B3} = {A9C6FD0F-15CE-42F2-A571-E8CECDD8AB06}
		{2351B5C1-6E28-4B79-A1D9-90FDA53B5417} = {A9C6FD0F-15CE-42F2-A571-E8CECDD8AB06}
		{27A6E49E-F769-4709-8B43-FF60B8A882BE} = {A9C6FD0F-15CE-42F2-A571-E8CECDD8AB06}
		{D0EFC813-C836-4167-A120-2DE785E140A1} = {A9C6FD0F-15CE-42F2-A571-E8CECDD8AB06}
		{7DC1512C-5C82-434B-9675-12AD94B74C56} = {A9C6FD0F-15CE-42F2-A571-E8CECDD8AB06}
		{108638B7-D926-4311-9249-651A1CCAA742} = {A9C6FD0F-15CE-42F2-A571-E8CECDD8AB06}
		{A54423D1-8E7A-4339-B0D5-24E7CEFE469B} = {80CE6DFD-BE10-4777-8005-80F696AFBF4A}
		{183FAF1B-0385-469D-8465-6F21076BF7B6} = {A9C6FD0F-15CE-42F2-A571-E8CECDD8AB06}
		{EC61901F-C040-4A87-A5A9-7C2C5AD52E7D} = {C77D2B41-0C67-4B0E-944B-0F0472613247}
		{17784809-C96D-473E-8D99-3A543BF5E375} = {E32AA297-4F61-4BA6-9A77-91EA1B1C2EAF}
	EndGlobalSection
	GlobalSection(ExtensibilityGlobals) = postSolution
		SolutionGuid = {4096CF0F-E5B3-451F-9AED-D1493D1657B4}
	EndGlobalSection
EndGlobal
